
Microsoft Visual Studio Solution File, Format Version 12.00
# Visual Studio Version 17
VisualStudioVersion = 17.2.32616.157
MinimumVisualStudioVersion = 10.0.40219.1
Project("{9A19103F-16F7-4668-BE54-9A1E7A4F7556}") = "DemoExtender", "DemoExtender.csproj", "{53D638BD-8832-452C-9A9A-2CED5940E2E2}"
EndProject
Global
	GlobalSection(SolutionConfigurationPlatforms) = preSolution
		Debug|Any CPU = Debug|Any CPU
		Release|Any CPU = Release|Any CPU
	EndGlobalSection
	GlobalSection(ProjectConfigurationPlatforms) = postSolution
		{53D638BD-8832-452C-9A9A-2CED5940E2E2}.Debug|Any CPU.ActiveCfg = Debug|Any CPU
		{53D638BD-8832-452C-9A9A-2CED5940E2E2}.Debug|Any CPU.Build.0 = Debug|Any CPU
		{53D638BD-8832-452C-9A9A-2CED5940E2E2}.Release|Any CPU.ActiveCfg = Release|Any CPU
		{53D638BD-8832-452C-9A9A-2CED5940E2E2}.Release|Any CPU.Build.0 = Release|Any CPU
	EndGlobalSection
	GlobalSection(SolutionProperties) = preSolution
		HideSolutionNode = FALSE
	EndGlobalSection
	GlobalSection(ExtensibilityGlobals) = postSolution
		SolutionGuid = {C4B2D939-B547-4DB5-A53D-7CDDAA84B037}
	EndGlobalSection
EndGlobal
